
Microsoft Visual Studio Solution File, Format Version 12.00
# Visual Studio Version 16
VisualStudioVersion = 16.0.31624.102
MinimumVisualStudioVersion = 10.0.40219.1
Project("{FAE04EC0-301F-11D3-BF4B-00C04F79EFBC}") = "deliverable5methods", "deliverable5methods.csproj", "{B0013BCF-C56F-4432-8B56-F61F8143AA9A}"
EndProject
Global
	GlobalSection(SolutionConfigurationPlatforms) = preSolution
		Debug|Any CPU = Debug|Any CPU
		Release|Any CPU = Release|Any CPU
	EndGlobalSection
	GlobalSection(ProjectConfigurationPlatforms) = postSolution
		{B0013BCF-C56F-4432-8B56-F61F8143AA9A}.Debug|Any CPU.ActiveCfg = Debug|Any CPU
		{B0013BCF-C56F-4432-8B56-F61F8143AA9A}.Debug|Any CPU.Build.0 = Debug|Any CPU
		{B0013BCF-C56F-4432-8B56-F61F8143AA9A}.Release|Any CPU.ActiveCfg = Release|Any CPU
		{B0013BCF-C56F-4432-8B56-F61F8143AA9A}.Release|Any CPU.Build.0 = Release|Any CPU
	EndGlobalSection
	GlobalSection(SolutionProperties) = preSolution
		HideSolutionNode = FALSE
	EndGlobalSection
	GlobalSection(ExtensibilityGlobals) = postSolution
		SolutionGuid = {AB04F803-3519-40AB-B9F2-443424A9758B}
	EndGlobalSection
EndGlobal
